
Microsoft Visual Studio Solution File, Format Version 12.00
# Visual Studio Version 16
VisualStudioVersion = 16.0.29201.188
MinimumVisualStudioVersion = 10.0.40219.1
Project("{FAE04EC0-301F-11D3-BF4B-00C04F79EFBC}") = "mvvm_exercise", "mvvm_exercise.csproj", "{ADF91D39-9D67-41D1-B191-E43A0D1DD115}"
EndProject
Global
	GlobalSection(SolutionConfigurationPlatforms) = preSolution
		Debug|Any CPU = Debug|Any CPU
		Release|Any CPU = Release|Any CPU
	EndGlobalSection
	GlobalSection(ProjectConfigurationPlatforms) = postSolution
		{ADF91D39-9D67-41D1-B191-E43A0D1DD115}.Debug|Any CPU.ActiveCfg = Debug|Any CPU
		{ADF91D39-9D67-41D1-B191-E43A0D1DD115}.Debug|Any CPU.Build.0 = Debug|Any CPU
		{ADF91D39-9D67-41D1-B191-E43A0D1DD115}.Release|Any CPU.ActiveCfg = Release|Any CPU
		{ADF91D39-9D67-41D1-B191-E43A0D1DD115}.Release|Any CPU.Build.0 = Release|Any CPU
	EndGlobalSection
	GlobalSection(SolutionProperties) = preSolution
		HideSolutionNode = FALSE
	EndGlobalSection
	GlobalSection(ExtensibilityGlobals) = postSolution
		SolutionGuid = {477EE3B9-0544-4CAF-BDC7-08BB9C71C363}
	EndGlobalSection
EndGlobal
